{
  "originHash" : "ed6f49dae68e793dd58c8236d95a466ee370b88411ab6bdcf3f356e4249debcd",
  "pins" : [
    {
      "identity" : "alamofire",
      "kind" : "remoteSourceControl",
      "location" : "https://github.com/Alamofire/Alamofire.git",
      "state" : {
        "revision" : "7595cbcf59809f9977c5f6378500de2ad73b7ddb",
        "version" : "5.12.0"
      }
    }
  ],
  "version" : 3
}
